
Microsoft Visual Studio Solution File, Format Version 12.00
# Visual Studio Version 16
VisualStudioVersion = 16.0.31729.503
MinimumVisualStudioVersion = 10.0.40219.1
Project("{FAE04EC0-301F-11D3-BF4B-00C04F79EFBC}") = "10_25", "10_25\10_25.csproj", "{D45EAA7E-BAA6-47BD-96CA-15C9D2BCCC67}"
EndProject
Global
	GlobalSection(SolutionConfigurationPlatforms) = preSolution
		Debug|Any CPU = Debug|Any CPU
		Release|Any CPU = Release|Any CPU
	EndGlobalSection
	GlobalSection(ProjectConfigurationPlatforms) = postSolution
		{D45EAA7E-BAA6-47BD-96CA-15C9D2BCCC67}.Debug|Any CPU.ActiveCfg = Debug|Any CPU
		{D45EAA7E-BAA6-47BD-96CA-15C9D2BCCC67}.Debug|Any CPU.Build.0 = Debug|Any CPU
		{D45EAA7E-BAA6-47BD-96CA-15C9D2BCCC67}.Release|Any CPU.ActiveCfg = Release|Any CPU
		{D45EAA7E-BAA6-47BD-96CA-15C9D2BCCC67}.Release|Any CPU.Build.0 = Release|Any CPU
	EndGlobalSection
	GlobalSection(SolutionProperties) = preSolution
		HideSolutionNode = FALSE
	EndGlobalSection
	GlobalSection(ExtensibilityGlobals) = postSolution
		SolutionGuid = {D8CB5DAB-5C99-4EE9-A837-E46EE9007B6D}
	EndGlobalSection
EndGlobal
