
Microsoft Visual Studio Solution File, Format Version 12.00
# Visual Studio Version 16
VisualStudioVersion = 16.0.31729.503
MinimumVisualStudioVersion = 10.0.40219.1
Project("{FAE04EC0-301F-11D3-BF4B-00C04F79EFBC}") = "11_22", "11_22\11_22.csproj", "{5802387C-3509-4B3E-AD67-C68A6BD62325}"
EndProject
Project("{FAE04EC0-301F-11D3-BF4B-00C04F79EFBC}") = "11_22Tests", "11_22Tests\11_22Tests.csproj", "{345A87CF-F591-4809-87AE-90F6E73EEFCD}"
EndProject
Global
	GlobalSection(SolutionConfigurationPlatforms) = preSolution
		Debug|Any CPU = Debug|Any CPU
		Release|Any CPU = Release|Any CPU
	EndGlobalSection
	GlobalSection(ProjectConfigurationPlatforms) = postSolution
		{5802387C-3509-4B3E-AD67-C68A6BD62325}.Debug|Any CPU.ActiveCfg = Debug|Any CPU
		{5802387C-3509-4B3E-AD67-C68A6BD62325}.Debug|Any CPU.Build.0 = Debug|Any CPU
		{5802387C-3509-4B3E-AD67-C68A6BD62325}.Release|Any CPU.ActiveCfg = Release|Any CPU
		{5802387C-3509-4B3E-AD67-C68A6BD62325}.Release|Any CPU.Build.0 = Release|Any CPU
		{345A87CF-F591-4809-87AE-90F6E73EEFCD}.Debug|Any CPU.ActiveCfg = Debug|Any CPU
		{345A87CF-F591-4809-87AE-90F6E73EEFCD}.Debug|Any CPU.Build.0 = Debug|Any CPU
		{345A87CF-F591-4809-87AE-90F6E73EEFCD}.Release|Any CPU.ActiveCfg = Release|Any CPU
		{345A87CF-F591-4809-87AE-90F6E73EEFCD}.Release|Any CPU.Build.0 = Release|Any CPU
	EndGlobalSection
	GlobalSection(SolutionProperties) = preSolution
		HideSolutionNode = FALSE
	EndGlobalSection
	GlobalSection(ExtensibilityGlobals) = postSolution
		SolutionGuid = {CE0F381D-6A41-4B74-A6F9-D7442C30C9D5}
	EndGlobalSection
EndGlobal
