
Microsoft Visual Studio Solution File, Format Version 12.00
# Visual Studio Version 16
VisualStudioVersion = 16.0.31729.503
MinimumVisualStudioVersion = 10.0.40219.1
Project("{FAE04EC0-301F-11D3-BF4B-00C04F79EFBC}") = "12_20", "12_20\12_20.csproj", "{D43E4E7F-D58D-4BA7-9E65-D435707CAEBF}"
EndProject
Global
	GlobalSection(SolutionConfigurationPlatforms) = preSolution
		Debug|Any CPU = Debug|Any CPU
		Release|Any CPU = Release|Any CPU
	EndGlobalSection
	GlobalSection(ProjectConfigurationPlatforms) = postSolution
		{D43E4E7F-D58D-4BA7-9E65-D435707CAEBF}.Debug|Any CPU.ActiveCfg = Debug|Any CPU
		{D43E4E7F-D58D-4BA7-9E65-D435707CAEBF}.Debug|Any CPU.Build.0 = Debug|Any CPU
		{D43E4E7F-D58D-4BA7-9E65-D435707CAEBF}.Release|Any CPU.ActiveCfg = Release|Any CPU
		{D43E4E7F-D58D-4BA7-9E65-D435707CAEBF}.Release|Any CPU.Build.0 = Release|Any CPU
	EndGlobalSection
	GlobalSection(SolutionProperties) = preSolution
		HideSolutionNode = FALSE
	EndGlobalSection
	GlobalSection(ExtensibilityGlobals) = postSolution
		SolutionGuid = {E568EFB9-0980-46B0-B8FB-D3240C86C353}
	EndGlobalSection
EndGlobal
